
Microsoft Visual Studio Solution File, Format Version 12.00
# Visual Studio Version 17
VisualStudioVersion = 17.9.34622.214
MinimumVisualStudioVersion = 10.0.40219.1
Project("{FAE04EC0-301F-11D3-BF4B-00C04F79EFBC}") = "LAB2CS_red", "LAB2CS_red\LAB2CS_red.csproj", "{621F4EF1-4A0A-44BC-A453-17C63595CE28}"
EndProject
Global
	GlobalSection(SolutionConfigurationPlatforms) = preSolution
		Debug|Any CPU = Debug|Any CPU
		Release|Any CPU = Release|Any CPU
	EndGlobalSection
	GlobalSection(ProjectConfigurationPlatforms) = postSolution
		{621F4EF1-4A0A-44BC-A453-17C63595CE28}.Debug|Any CPU.ActiveCfg = Debug|Any CPU
		{621F4EF1-4A0A-44BC-A453-17C63595CE28}.Debug|Any CPU.Build.0 = Debug|Any CPU
		{621F4EF1-4A0A-44BC-A453-17C63595CE28}.Release|Any CPU.ActiveCfg = Release|Any CPU
		{621F4EF1-4A0A-44BC-A453-17C63595CE28}.Release|Any CPU.Build.0 = Release|Any CPU
	EndGlobalSection
	GlobalSection(SolutionProperties) = preSolution
		HideSolutionNode = FALSE
	EndGlobalSection
	GlobalSection(ExtensibilityGlobals) = postSolution
		SolutionGuid = {E225E963-10FE-46BC-8AFB-13BB9160EF0A}
	EndGlobalSection
EndGlobal
